<Solution>
  <Project Path="LMSA.Core/LMSA.Core.csproj" />
  <Project Path="LMSA.DeviceManagement/LMSA.DeviceManagement.csproj" />
  <Project Path="LMSA.Plugins.Common/LMSA.Plugins.Common.csproj" />
  <Project Path="LMSA.Tests/LMSA.Tests.csproj" />
  <Project Path="LMSA.WebServices/LMSA.WebServices.csproj" />
</Solution>
